{
    "version": 3,
    "terraform_version": "0.7.0",
    "serial": 0,
    "lineage": "206dd8fd-1063-4ebe-a99d-c54d56ce8d6e",
    "modules": [
        {
            "path": [
                "root"
            ],
            "outputs": {},
            "resources": {
                "aws_instance.webserver": {
                    "type": "aws_instance",
                    "primary": {
                        "id": "i-fdd7e448",
                        "attributes": {
                            "ami": "ami-31490d51",
                            "availability_zone": "us-west-1b",
                            "disable_api_termination": "false",
                            "ebs_block_device.#": "0",
                            "ebs_optimized": "false",
                            "ephemeral_block_device.#": "0",
                            "iam_instance_profile": "",
                            "id": "i-fdd7e448",
                            "instance_state": "running",
                            "instance_type": "t2.micro",
                            "key_name": "",
                            "monitoring": "false",
                            "network_interface_id": "eni-0600140a",
                            "private_dns": "ip-172-31-5-27.us-west-1.compute.internal",
                            "private_ip": "172.31.5.27",
                            "public_dns": "ec2-52-53-245-53.us-west-1.compute.amazonaws.com",
                            "public_ip": "52.53.245.53",
                            "root_block_device.#": "1",
                            "root_block_device.0.delete_on_termination": "true",
                            "root_block_device.0.iops": "100",
                            "root_block_device.0.volume_size": "8",
                            "root_block_device.0.volume_type": "gp2",
                            "security_groups.#": "0",
                            "source_dest_check": "true",
                            "subnet_id": "subnet-94c0fdd2",
                            "tags.%": "0",
                            "tenancy": "default",
                            "vpc_security_group_ids.#": "1",
                            "vpc_security_group_ids.150942579": "sg-8433cce1"
                        },
                        "meta": {
                            "schema_version": "1"
                        }
                    }
                }
            }
        }
    ]
}
