{
    "version": 3,
    "terraform_version": "0.7.0",
    "serial": 6,
    "lineage": "34c1c607-98fb-46bd-b0ee-22145fc304db",
    "modules": [
        {
            "path": [
                "root"
            ],
            "outputs": {
                "access-key": {
                    "sensitive": false,
                    "type": "string",
                    "value": "AKIAJP5HG6W23R54CIRQ"
                },
                "secret-key": {
                    "sensitive": false,
                    "type": "string",
                    "value": "9ehZ7mQc3DH1hPJMzTTs1ecvGRTJ/DtWPS4BLbcg"
                }
            },
            "resources": {
                "aws_iam_access_key.user-key": {
                    "type": "aws_iam_access_key",
                    "depends_on": [
                        "aws_iam_user.user",
                        "aws_iam_user.user"
                    ],
                    "primary": {
                        "id": "AKIAJP5HG6W23R54CIRQ",
                        "attributes": {
                            "id": "AKIAJP5HG6W23R54CIRQ",
                            "secret": "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",
                            "ses_smtp_password": "AuNvrTN+JTADD5hzGXB8r74zj4aQnNVMRZm6HgwgzP0o",
                            "status": "Active",
                            "user": "test-user"
                        }
                    }
                },
                "aws_iam_user.user": {
                    "type": "aws_iam_user",
                    "primary": {
                        "id": "test-user",
                        "attributes": {
                            "arn": "arn:aws:iam::942158337222:user/system/test-user",
                            "force_destroy": "false",
                            "id": "test-user",
                            "name": "test-user",
                            "path": "/system/",
                            "unique_id": "AIDAJTLYZFEAVWWT4M2TE"
                        }
                    }
                },
                "aws_iam_user_policy.ec2-read": {
                    "type": "aws_iam_user_policy",
                    "depends_on": [
                        "aws_iam_user.user",
                        "aws_iam_user.user"
                    ],
                    "primary": {
                        "id": "test-user:ec2-read",
                        "attributes": {
                            "id": "test-user:ec2-read",
                            "name": "ec2-read",
                            "policy": "{\r\n  \"Version\": \"2012-10-17\",\r\n  \"Statement\": [\r\n    {\r\n      \"Action\": [\r\n        \"ec2:Describe*\"\r\n      ],\r\n      \"Effect\": \"Allow\",\r\n      \"Resource\": \"*\"\r\n    }\r\n  ]\r\n}\r\n",
                            "user": "test-user"
                        }
                    }
                }
            }
        }
    ]
}
